# This file is automatically @generated by Cargo.
# It is not intended for manual editing.
version = 4

[[package]]
name = "ansi_term"
version = "0.12.1"
source = "registry+https://github.com/rust-lang/crates.io-index"
checksum = "d52a9bb7ec0cf484c551830a7ce27bd20d67eac647e1befb56b0be4ee39a55d2"
dependencies = [
 "winapi",
]

[[package]]
name = "atomic_refcell"
version = "0.1.13"
source = "registry+https://github.com/rust-lang/crates.io-index"
checksum = "41e67cd8309bbd06cd603a9e693a784ac2e5d1e955f11286e355089fcab3047c"

[[package]]
name = "atty"
version = "0.2.14"
source = "registry+https://github.com/rust-lang/crates.io-index"
checksum = "d9b39be18770d11421cdb1b9947a45dd3f37e93092cbf377614828a319d5fee8"
dependencies = [
 "hermit-abi",
 "libc",
 "winapi",
]

[[package]]
name = "autocfg"
version = "1.4.0"
source = "registry+https://github.com/rust-lang/crates.io-index"
checksum = "ace50bade8e6234aa140d9a2f552bbee1db4d353f69b8217bc503490fc1a9f26"

[[package]]
name = "bitflags"
version = "1.3.2"
source = "registry+https://github.com/rust-lang/crates.io-index"
checksum = "bef38d45163c2f1dde094a7dfd33ccf595c92905c8f8f4fdc18d06fb1037718a"

[[package]]
name = "bitflags"
version = "2.9.0"
source = "registry+https://github.com/rust-lang/crates.io-index"
checksum = "5c8214115b7bf84099f1309324e63141d4c5d7cc26862f97a0a857dbefe165bd"

[[package]]
name = "cairo-rs"
version = "0.20.7"
source = "registry+https://github.com/rust-lang/crates.io-index"
checksum = "ae50b5510d86cf96ac2370e66d8dc960882f3df179d6a5a1e52bd94a1416c0f7"
dependencies = [
 "bitflags 2.9.0",
 "cairo-sys-rs",
 "glib",
 "libc",
]

[[package]]
name = "cairo-sys-rs"
version = "0.20.7"
source = "registry+https://github.com/rust-lang/crates.io-index"
checksum = "f18b6bb8e43c7eb0f2aac7976afe0c61b6f5fc2ab7bc4c139537ea56c92290df"
dependencies = [
 "glib-sys",
 "libc",
 "system-deps",
]

[[package]]
name = "camino"
version = "1.1.9"
source = "registry+https://github.com/rust-lang/crates.io-index"
checksum = "8b96ec4966b5813e2c0507c1f86115c8c5abaadc3980879c3424042a02fd1ad3"
dependencies = [
 "serde",
]

[[package]]
name = "cargo-platform"
version = "0.1.9"
source = "registry+https://github.com/rust-lang/crates.io-index"
checksum = "e35af189006b9c0f00a064685c727031e3ed2d8020f7ba284d78cc2671bd36ea"
dependencies = [
 "serde",
]

[[package]]
name = "cargo_metadata"
version = "0.19.2"
source = "registry+https://github.com/rust-lang/crates.io-index"
checksum = "dd5eb614ed4c27c5d706420e4320fbe3216ab31fa1c33cd8246ac36dae4479ba"
dependencies = [
 "camino",
 "cargo-platform",
 "semver",
 "serde",
 "serde_json",
 "thiserror",
]

[[package]]
name = "cbindgen"
version = "0.20.0"
dependencies = [
 "clap",
 "heck 0.3.3",
 "indexmap 1.9.3",
 "log",
 "proc-macro2",
 "quote",
 "serde",
 "serde_json",
 "syn 1.0.109",
 "tempfile",
 "toml 0.5.11",
]

[[package]]
name = "cc"
version = "1.2.17"
source = "registry+https://github.com/rust-lang/crates.io-index"
checksum = "1fcb57c740ae1daf453ae85f16e37396f672b039e00d9d866e07ddb24e328e3a"
dependencies = [
 "shlex",
]

[[package]]
name = "cfg-expr"
version = "0.17.2"
source = "registry+https://github.com/rust-lang/crates.io-index"
checksum = "8d4ba6e40bd1184518716a6e1a781bf9160e286d219ccdb8ab2612e74cfe4789"
dependencies = [
 "smallvec",
 "target-lexicon",
]

[[package]]
name = "cfg-if"
version = "1.0.0"
source = "registry+https://github.com/rust-lang/crates.io-index"
checksum = "baf1de4339761588bc0619e3cbc0120ee582ebb74b53b4efbf79117bd2da40fd"

[[package]]
name = "cfg_aliases"
version = "0.2.1"
source = "registry+https://github.com/rust-lang/crates.io-index"
checksum = "613afe47fcd5fac7ccf1db93babcb082c5994d996f20b8b159f2ad1658eb5724"

[[package]]
name = "clap"
version = "2.34.0"
source = "registry+https://github.com/rust-lang/crates.io-index"
checksum = "a0610544180c38b88101fecf2dd634b174a62eef6946f84dfc6a7127512b381c"
dependencies = [
 "ansi_term",
 "atty",
 "bitflags 1.3.2",
 "strsim",
 "textwrap",
 "unicode-width",
 "vec_map",
]

[[package]]
name = "demo"
version = "0.1.0"
dependencies = [
 "env_logger",
 "libadwaita",
 "log",
 "rdw4",
 "rdw4-rdp",
 "rdw4-spice",
 "rdw4-vnc",
]

[[package]]
name = "derivative"
version = "2.2.0"
source = "registry+https://github.com/rust-lang/crates.io-index"
checksum = "fcc3dd5e9e9c0b295d6e1e4d811fb6f157d5ffd784b8d202fc62eac8035a770b"
dependencies = [
 "proc-macro2",
 "quote",
 "syn 1.0.109",
]

[[package]]
name = "dlib"
version = "0.5.2"
source = "registry+https://github.com/rust-lang/crates.io-index"
checksum = "330c60081dcc4c72131f8eb70510f1ac07223e5d4163db481a04a0befcffa412"
dependencies = [
 "libloading",
]

[[package]]
name = "downcast-rs"
version = "1.2.1"
source = "registry+https://github.com/rust-lang/crates.io-index"
checksum = "75b325c5dbd37f80359721ad39aca5a29fb04c89279657cffdda8736d0c0b9d2"

[[package]]
name = "either"
version = "1.15.0"
source = "registry+https://github.com/rust-lang/crates.io-index"
checksum = "48c757948c5ede0e46177b7add2e67155f70e33c07fea8284df6576da70b3719"

[[package]]
name = "env_filter"
version = "0.1.3"
source = "registry+https://github.com/rust-lang/crates.io-index"
checksum = "186e05a59d4c50738528153b83b0b0194d3a29507dfec16eccd4b342903397d0"
dependencies = [
 "log",
]

[[package]]
name = "env_logger"
version = "0.11.7"
source = "registry+https://github.com/rust-lang/crates.io-index"
checksum = "c3716d7a920fb4fac5d84e9d4bce8ceb321e9414b4409da61b07b75c1e3d0697"
dependencies = [
 "env_filter",
 "log",
]

[[package]]
name = "epoxy"
version = "0.1.0"
source = "registry+https://github.com/rust-lang/crates.io-index"
checksum = "9b96028ce3ff03972312fd8243281858e80fc0f9838b1f035676b6c199214d9e"
dependencies = [
 "gl_generator 0.9.0",
 "libc",
 "pkg-config",
 "shared_library",
]

[[package]]
name = "equivalent"
version = "1.0.2"
source = "registry+https://github.com/rust-lang/crates.io-index"
checksum = "877a4ace8713b0bcf2a4e7eec82529c029f1d0619886d18145fea96c3ffe5c0f"

[[package]]
name = "errno"
version = "0.3.10"
source = "registry+https://github.com/rust-lang/crates.io-index"
checksum = "33d852cb9b869c2a9b3df2f71a3074817f01e1844f839a144f5fcef059a4eb5d"
dependencies = [
 "libc",
 "windows-sys",
]

[[package]]
name = "fastrand"
version = "2.3.0"
source = "registry+https://github.com/rust-lang/crates.io-index"
checksum = "37909eebbb50d72f9059c3b6d82c0463f2ff062c9e95845c43a6c9c0355411be"

[[package]]
name = "field-offset"
version = "0.3.6"
source = "registry+https://github.com/rust-lang/crates.io-index"
checksum = "38e2275cc4e4fc009b0669731a1e5ab7ebf11f469eaede2bab9309a5b4d6057f"
dependencies = [
 "memoffset",
 "rustc_version",
]

[[package]]
name = "futures-channel"
version = "0.3.31"
source = "registry+https://github.com/rust-lang/crates.io-index"
checksum = "2dff15bf788c671c1934e366d07e30c1814a8ef514e1af724a602e8a2fbe1b10"
dependencies = [
 "futures-core",
]

[[package]]
name = "futures-core"
version = "0.3.31"
source = "registry+https://github.com/rust-lang/crates.io-index"
checksum = "05f29059c0c2090612e8d742178b0580d2dc940c837851ad723096f87af6663e"

[[package]]
name = "futures-executor"
version = "0.3.31"
source = "registry+https://github.com/rust-lang/crates.io-index"
checksum = "1e28d1d997f585e54aebc3f97d39e72338912123a67330d723fdbb564d646c9f"
dependencies = [
 "futures-core",
 "futures-task",
 "futures-util",
]

[[package]]
name = "futures-io"
version = "0.3.31"
source = "registry+https://github.com/rust-lang/crates.io-index"
checksum = "9e5c1b78ca4aae1ac06c48a526a655760685149f0d465d21f37abfe57ce075c6"

[[package]]
name = "futures-macro"
version = "0.3.31"
source = "registry+https://github.com/rust-lang/crates.io-index"
checksum = "162ee34ebcb7c64a8abebc059ce0fee27c2262618d7b60ed8faf72fef13c3650"
dependencies = [
 "proc-macro2",
 "quote",
 "syn 2.0.100",
]

[[package]]
name = "futures-sink"
version = "0.3.31"
source = "registry+https://github.com/rust-lang/crates.io-index"
checksum = "e575fab7d1e0dcb8d0c7bcf9a63ee213816ab51902e6d244a95819acacf1d4f7"

[[package]]
name = "futures-task"
version = "0.3.31"
source = "registry+https://github.com/rust-lang/crates.io-index"
checksum = "f90f7dce0722e95104fcb095585910c0977252f286e354b5e3bd38902cd99988"

[[package]]
name = "futures-util"
version = "0.3.31"
source = "registry+https://github.com/rust-lang/crates.io-index"
checksum = "9fa08315bb612088cc391249efdc3bc77536f16c91f6cf495e6fbe85b20a4a81"
dependencies = [
 "futures-core",
 "futures-macro",
 "futures-task",
 "pin-project-lite",
 "pin-utils",
 "slab",
]

[[package]]
name = "gdk-pixbuf"
version = "0.20.9"
source = "registry+https://github.com/rust-lang/crates.io-index"
checksum = "7563afd6ff0a221edfbb70a78add5075b8d9cb48e637a40a24c3ece3fea414d0"
dependencies = [
 "gdk-pixbuf-sys",
 "gio",
 "glib",
 "libc",
]

[[package]]
name = "gdk-pixbuf-sys"
version = "0.20.7"
source = "registry+https://github.com/rust-lang/crates.io-index"
checksum = "67f2587c9202bf997476bbba6aaed4f78a11538a2567df002a5f57f5331d0b5c"
dependencies = [
 "gio-sys",
 "glib-sys",
 "gobject-sys",
 "libc",
 "system-deps",
]

[[package]]
name = "gdk4"
version = "0.9.6"
source = "registry+https://github.com/rust-lang/crates.io-index"
checksum = "4850c9d9c1aecd1a3eb14fadc1cdb0ac0a2298037e116264c7473e1740a32d60"
dependencies = [
 "cairo-rs",
 "gdk-pixbuf",
 "gdk4-sys",
 "gio",
 "glib",
 "libc",
 "pango",
]

[[package]]
name = "gdk4-sys"
version = "0.9.6"
source = "registry+https://github.com/rust-lang/crates.io-index"
checksum = "6f6eb95798e2b46f279cf59005daf297d5b69555428f185650d71974a910473a"
dependencies = [
 "cairo-sys-rs",
 "gdk-pixbuf-sys",
 "gio-sys",
 "glib-sys",
 "gobject-sys",
 "libc",
 "pango-sys",
 "pkg-config",
 "system-deps",
]

[[package]]
name = "gdk4-wayland"
version = "0.9.6"
source = "registry+https://github.com/rust-lang/crates.io-index"
checksum = "bd34518488cd624a85e75e82540bc24c72cfeb0aea6bad7faed683ca3977dba0"
dependencies = [
 "gdk4",
 "gdk4-wayland-sys",
 "gio",
 "glib",
 "khronos-egl",
 "libc",
 "wayland-backend",
 "wayland-client",
]

[[package]]
name = "gdk4-wayland-sys"
version = "0.9.6"
source = "registry+https://github.com/rust-lang/crates.io-index"
checksum = "7c7a0f2332c531d62ee3f14f5e839ac1abac59e9b052adf1495124c00d89a34b"
dependencies = [
 "glib-sys",
 "libc",
 "system-deps",
]

[[package]]
name = "gdk4-win32"
version = "0.9.5"
source = "registry+https://github.com/rust-lang/crates.io-index"
checksum = "e54beb3e19bff7ccc05153e043bf0eea9cf76c07a3387fb0151bfa0fbfce9df0"
dependencies = [
 "gdk4",
 "gdk4-win32-sys",
 "gio",
 "glib",
 "khronos-egl",
 "libc",
 "windows 0.56.0",
]

[[package]]
name = "gdk4-win32-sys"
version = "0.9.5"
source = "registry+https://github.com/rust-lang/crates.io-index"
checksum = "d554341f26b2f6191aaf2ecb4d0089f3696a40cadb2dba75dad03e48a6dc0eb9"
dependencies = [
 "gdk4-sys",
 "glib-sys",
 "libc",
 "system-deps",
]

[[package]]
name = "gdk4-x11"
version = "0.9.6"
source = "registry+https://github.com/rust-lang/crates.io-index"
checksum = "5c3e7380a9a206b170e1b52b5f25581406db816c68f4e7140dbef89a9e5b52ac"
dependencies = [
 "gdk4",
 "gdk4-x11-sys",
 "gio",
 "glib",
 "khronos-egl",
 "libc",
]

[[package]]
name = "gdk4-x11-sys"
version = "0.9.6"
source = "registry+https://github.com/rust-lang/crates.io-index"
checksum = "070bd50a053f90d7fdf6be1d75672ea0f97c0e5da3a10dc6d02e5defcb0db32f"
dependencies = [
 "gdk4-sys",
 "glib-sys",
 "libc",
 "system-deps",
]

[[package]]
name = "getrandom"
version = "0.3.2"
source = "registry+https://github.com/rust-lang/crates.io-index"
checksum = "73fea8450eea4bac3940448fb7ae50d91f034f941199fcd9d909a5a07aa455f0"
dependencies = [
 "cfg-if",
 "libc",
 "r-efi",
 "wasi",
]

[[package]]
name = "gio"
version = "0.20.9"
source = "registry+https://github.com/rust-lang/crates.io-index"
checksum = "a4f00c70f8029d84ea7572dd0e1aaa79e5329667b4c17f329d79ffb1e6277487"
dependencies = [
 "futures-channel",
 "futures-core",
 "futures-io",
 "futures-util",
 "gio-sys",
 "glib",
 "libc",
 "pin-project-lite",
 "smallvec",
]

[[package]]
name = "gio-sys"
version = "0.20.9"
source = "registry+https://github.com/rust-lang/crates.io-index"
checksum = "160eb5250a26998c3e1b54e6a3d4ea15c6c7762a6062a19a7b63eff6e2b33f9e"
dependencies = [
 "glib-sys",
 "gobject-sys",
 "libc",
 "system-deps",
 "windows-sys",
]

[[package]]
name = "gl"
version = "0.14.0"
source = "registry+https://github.com/rust-lang/crates.io-index"
checksum = "a94edab108827d67608095e269cf862e60d920f144a5026d3dbcfd8b877fb404"
dependencies = [
 "gl_generator 0.14.0",
]

[[package]]
name = "gl_generator"
version = "0.9.0"
source = "registry+https://github.com/rust-lang/crates.io-index"
checksum = "7a795170cbd85b5a7baa58d6d7525cae6a03e486859860c220f7ebbbdd379d0a"
dependencies = [
 "khronos_api 2.2.0",
 "log",
 "xml-rs 0.7.0",
]

[[package]]
name = "gl_generator"
version = "0.14.0"
source = "registry+https://github.com/rust-lang/crates.io-index"
checksum = "1a95dfc23a2b4a9a2f5ab41d194f8bfda3cabec42af4e39f08c339eb2a0c124d"
dependencies = [
 "khronos_api 3.1.0",
 "log",
 "xml-rs 0.8.25",
]

[[package]]
name = "glib"
version = "0.20.9"
source = "registry+https://github.com/rust-lang/crates.io-index"
checksum = "707b819af8059ee5395a2de9f2317d87a53dbad8846a2f089f0bb44703f37686"
dependencies = [
 "bitflags 2.9.0",
 "futures-channel",
 "futures-core",
 "futures-executor",
 "futures-task",
 "futures-util",
 "gio-sys",
 "glib-macros",
 "glib-sys",
 "gobject-sys",
 "libc",
 "memchr",
 "smallvec",
]

[[package]]
name = "glib-macros"
version = "0.20.7"
source = "registry+https://github.com/rust-lang/crates.io-index"
checksum = "715601f8f02e71baef9c1f94a657a9a77c192aea6097cf9ae7e5e177cd8cde68"
dependencies = [
 "heck 0.5.0",
 "proc-macro-crate",
 "proc-macro2",
 "quote",
 "syn 2.0.100",
]

[[package]]
name = "glib-sys"
version = "0.20.9"
source = "registry+https://github.com/rust-lang/crates.io-index"
checksum = "a8928869a44cfdd1fccb17d6746e4ff82c8f82e41ce705aa026a52ca8dc3aefb"
dependencies = [
 "libc",
 "system-deps",
]

[[package]]
name = "gobject-sys"
version = "0.20.9"
source = "registry+https://github.com/rust-lang/crates.io-index"
checksum = "c773a3cb38a419ad9c26c81d177d96b4b08980e8bdbbf32dace883e96e96e7e3"
dependencies = [
 "glib-sys",
 "libc",
 "system-deps",
]

[[package]]
name = "graphene-rs"
version = "0.20.9"
source = "registry+https://github.com/rust-lang/crates.io-index"
checksum = "3cbc5911bfb32d68dcfa92c9510c462696c2f715548fcd7f3f1be424c739de19"
dependencies = [
 "glib",
 "graphene-sys",
 "libc",
]

[[package]]
name = "graphene-sys"
version = "0.20.7"
source = "registry+https://github.com/rust-lang/crates.io-index"
checksum = "11a68d39515bf340e879b72cecd4a25c1332557757ada6e8aba8654b4b81d23a"
dependencies = [
 "glib-sys",
 "libc",
 "pkg-config",
 "system-deps",
]

[[package]]
name = "gsk4"
version = "0.9.6"
source = "registry+https://github.com/rust-lang/crates.io-index"
checksum = "61f5e72f931c8c9f65fbfc89fe0ddc7746f147f822f127a53a9854666ac1f855"
dependencies = [
 "cairo-rs",
 "gdk4",
 "glib",
 "graphene-rs",
 "gsk4-sys",
 "libc",
 "pango",
]

[[package]]
name = "gsk4-sys"
version = "0.9.6"
source = "registry+https://github.com/rust-lang/crates.io-index"
checksum = "755059de55fa6f85a46bde8caf03e2184c96bfda1f6206163c72fb0ea12436dc"
dependencies = [
 "cairo-sys-rs",
 "gdk4-sys",
 "glib-sys",
 "gobject-sys",
 "graphene-sys",
 "libc",
 "pango-sys",
 "system-deps",
]

[[package]]
name = "gstreamer"
version = "0.23.5"
source = "registry+https://github.com/rust-lang/crates.io-index"
checksum = "2188fe829b0ebe12e4cf2bbcf6658470a936269daba7afae92847a2af32c9105"
dependencies = [
 "cfg-if",
 "futures-channel",
 "futures-core",
 "futures-util",
 "glib",
 "gstreamer-sys",
 "itertools",
 "libc",
 "muldiv",
 "num-integer",
 "num-rational",
 "once_cell",
 "option-operations",
 "paste",
 "pin-project-lite",
 "smallvec",
 "thiserror",
]

[[package]]
name = "gstreamer-app"
version = "0.23.5"
source = "registry+https://github.com/rust-lang/crates.io-index"
checksum = "2e9a883eb21aebcf1289158225c05f7aea5da6ecf71fa7f0ff1ce4d25baf004e"
dependencies = [
 "futures-core",
 "futures-sink",
 "glib",
 "gstreamer",
 "gstreamer-app-sys",
 "gstreamer-base",
 "libc",
]

[[package]]
name = "gstreamer-app-sys"
version = "0.23.5"
source = "registry+https://github.com/rust-lang/crates.io-index"
checksum = "94f7ef838306fe51852d503a14dc79ac42de005a59008a05098de3ecdaf05455"
dependencies = [
 "glib-sys",
 "gstreamer-base-sys",
 "gstreamer-sys",
 "libc",
 "system-deps",
]

[[package]]
name = "gstreamer-audio"
version = "0.23.5"
source = "registry+https://github.com/rust-lang/crates.io-index"
checksum = "49118ca684e2fc42207509fcac8497d91079c2ffe8ff2b4ae99e71dbafef1ede"
dependencies = [
 "cfg-if",
 "glib",
 "gstreamer",
 "gstreamer-audio-sys",
 "gstreamer-base",
 "libc",
 "once_cell",
 "smallvec",
]

[[package]]
name = "gstreamer-audio-sys"
version = "0.23.5"
source = "registry+https://github.com/rust-lang/crates.io-index"
checksum = "7d469526ecf30811b50a6460fd285ee40d189c46048b3d0c69b67a04b414fb51"
dependencies = [
 "glib-sys",
 "gobject-sys",
 "gstreamer-base-sys",
 "gstreamer-sys",
 "libc",
 "system-deps",
]

[[package]]
name = "gstreamer-base"
version = "0.23.5"
source = "registry+https://github.com/rust-lang/crates.io-index"
checksum = "ad33dd444db0d215ac363164f900f800ffb93361ad8a60840e95e14b7de985e8"
dependencies = [
 "atomic_refcell",
 "cfg-if",
 "glib",
 "gstreamer",
 "gstreamer-base-sys",
 "libc",
]

[[package]]
name = "gstreamer-base-sys"
version = "0.23.5"
source = "registry+https://github.com/rust-lang/crates.io-index"
checksum = "114b2a704f19a70f20c54b00e54f5d5376bbf78bd2791e6beb0776c997d8bf24"
dependencies = [
 "glib-sys",
 "gobject-sys",
 "gstreamer-sys",
 "libc",
 "system-deps",
]

[[package]]
name = "gstreamer-sys"
version = "0.23.5"
source = "registry+https://github.com/rust-lang/crates.io-index"
checksum = "fe159238834058725808cf6604a7c5d9e4a50e1eacd7b0c63bce2fe3a067dbd1"
dependencies = [
 "glib-sys",
 "gobject-sys",
 "libc",
 "system-deps",
]

[[package]]
name = "gtk4"
version = "0.9.6"
source = "registry+https://github.com/rust-lang/crates.io-index"
checksum = "af1c491051f030994fd0cde6f3c44f3f5640210308cff1298c7673c47408091d"
dependencies = [
 "cairo-rs",
 "field-offset",
 "futures-channel",
 "gdk-pixbuf",
 "gdk4",
 "gio",
 "glib",
 "graphene-rs",
 "gsk4",
 "gtk4-macros",
 "gtk4-sys",
 "libc",
 "pango",
]

[[package]]
name = "gtk4-macros"
version = "0.9.5"
source = "registry+https://github.com/rust-lang/crates.io-index"
checksum = "0ed1786c4703dd196baf7e103525ce0cf579b3a63a0570fe653b7ee6bac33999"
dependencies = [
 "proc-macro-crate",
 "proc-macro2",
 "quote",
 "syn 2.0.100",
]

[[package]]
name = "gtk4-sys"
version = "0.9.6"
source = "registry+https://github.com/rust-lang/crates.io-index"
checksum = "41e03b01e54d77c310e1d98647d73f996d04b2f29b9121fe493ea525a7ec03d6"
dependencies = [
 "cairo-sys-rs",
 "gdk-pixbuf-sys",
 "gdk4-sys",
 "gio-sys",
 "glib-sys",
 "gobject-sys",
 "graphene-sys",
 "gsk4-sys",
 "libc",
 "pango-sys",
 "system-deps",
]

[[package]]
name = "gvnc"
version = "0.5.0"
source = "registry+https://github.com/rust-lang/crates.io-index"
checksum = "e71c3c7372423ec4550f0f67e78fd934c9fd397c01a8dda9430ca7c37e86256f"
dependencies = [
 "gio",
 "glib",
 "gvnc-sys",
 "libc",
]

[[package]]
name = "gvnc-sys"
version = "0.5.0"
source = "registry+https://github.com/rust-lang/crates.io-index"
checksum = "0ed355c3d941fd406b48e5531515e4c2b77c0249d3952972d21d5eae0defcfb1"
dependencies = [
 "gio-sys",
 "glib-sys",
 "gobject-sys",
 "libc",
 "system-deps",
]

[[package]]
name = "hashbrown"
version = "0.12.3"
source = "registry+https://github.com/rust-lang/crates.io-index"
checksum = "8a9ee70c43aaf417c914396645a0fa852624801b24ebb7ae78fe8272889ac888"

[[package]]
name = "hashbrown"
version = "0.15.2"
source = "registry+https://github.com/rust-lang/crates.io-index"
checksum = "bf151400ff0baff5465007dd2f3e717f3fe502074ca563069ce3a6629d07b289"

[[package]]
name = "heck"
version = "0.3.3"
source = "registry+https://github.com/rust-lang/crates.io-index"
checksum = "6d621efb26863f0e9924c6ac577e8275e5e6b77455db64ffa6c65c904e9e132c"
dependencies = [
 "unicode-segmentation",
]

[[package]]
name = "heck"
version = "0.5.0"
source = "registry+https://github.com/rust-lang/crates.io-index"
checksum = "2304e00983f87ffb38b55b444b5e3b60a884b5d30c0fca7d82fe33449bbe55ea"

[[package]]
name = "hermit-abi"
version = "0.1.19"
source = "registry+https://github.com/rust-lang/crates.io-index"
checksum = "62b467343b94ba476dcb2500d242dadbb39557df889310ac77c5d99100aaac33"
dependencies = [
 "libc",
]

[[package]]
name = "indexmap"
version = "1.9.3"
source = "registry+https://github.com/rust-lang/crates.io-index"
checksum = "bd070e393353796e801d209ad339e89596eb4c8d430d18ede6a1cced8fafbd99"
dependencies = [
 "autocfg",
 "hashbrown 0.12.3",
]

[[package]]
name = "indexmap"
version = "2.8.0"
source = "registry+https://github.com/rust-lang/crates.io-index"
checksum = "3954d50fe15b02142bf25d3b8bdadb634ec3948f103d04ffe3031bc8fe9d7058"
dependencies = [
 "equivalent",
 "hashbrown 0.15.2",
]

[[package]]
name = "itertools"
version = "0.13.0"
source = "registry+https://github.com/rust-lang/crates.io-index"
checksum = "413ee7dfc52ee1a4949ceeb7dbc8a33f2d6c088194d9f922fb8318faf1f01186"
dependencies = [
 "either",
]

[[package]]
name = "itoa"
version = "1.0.15"
source = "registry+https://github.com/rust-lang/crates.io-index"
checksum = "4a5f13b858c8d314ee3e8f639011f7ccefe71f97f96e50151fb991f267928e2c"

[[package]]
name = "khronos-egl"
version = "6.0.0"
source = "registry+https://github.com/rust-lang/crates.io-index"
checksum = "6aae1df220ece3c0ada96b8153459b67eebe9ae9212258bb0134ae60416fdf76"
dependencies = [
 "libc",
 "pkg-config",
]

[[package]]
name = "khronos_api"
version = "2.2.0"
source = "registry+https://github.com/rust-lang/crates.io-index"
checksum = "037ab472c33f67b5fbd3e9163a2645319e5356fcd355efa6d4eb7fff4bbcb554"

[[package]]
name = "khronos_api"
version = "3.1.0"
source = "registry+https://github.com/rust-lang/crates.io-index"
checksum = "e2db585e1d738fc771bf08a151420d3ed193d9d895a36df7f6f8a9456b911ddc"

[[package]]
name = "lazy_static"
version = "1.5.0"
source = "registry+https://github.com/rust-lang/crates.io-index"
checksum = "bbd2bcb4c963f2ddae06a2efc7e9f3591312473c50c6685e1f298068316e66fe"

[[package]]
name = "libadwaita"
version = "0.7.2"
source = "registry+https://github.com/rust-lang/crates.io-index"
checksum = "500135d29c16aabf67baafd3e7741d48e8b8978ca98bac39e589165c8dc78191"
dependencies = [
 "gdk4",
 "gio",
 "glib",
 "gtk4",
 "libadwaita-sys",
 "libc",
 "pango",
]

[[package]]
name = "libadwaita-sys"
version = "0.7.2"
source = "registry+https://github.com/rust-lang/crates.io-index"
checksum = "6680988058c2558baf3f548a370e4e78da3bf7f08469daa822ac414842c912db"
dependencies = [
 "gdk4-sys",
 "gio-sys",
 "glib-sys",
 "gobject-sys",
 "gtk4-sys",
 "libc",
 "pango-sys",
 "system-deps",
]

[[package]]
name = "libc"
version = "0.2.171"
source = "registry+https://github.com/rust-lang/crates.io-index"
checksum = "c19937216e9d3aa9956d9bb8dfc0b0c8beb6058fc4f7a4dc4d850edf86a237d6"

[[package]]
name = "libloading"
version = "0.8.6"
source = "registry+https://github.com/rust-lang/crates.io-index"
checksum = "fc2f4eb4bc735547cfed7c0a4922cbd04a4655978c09b54f1f7b228750664c34"
dependencies = [
 "cfg-if",
 "windows-targets",
]

[[package]]
name = "libusb1-sys"
version = "0.7.0"
source = "registry+https://github.com/rust-lang/crates.io-index"
checksum = "da050ade7ac4ff1ba5379af847a10a10a8e284181e060105bf8d86960ce9ce0f"
dependencies = [
 "cc",
 "libc",
 "pkg-config",
 "vcpkg",
]

[[package]]
name = "linux-raw-sys"
version = "0.4.15"
source = "registry+https://github.com/rust-lang/crates.io-index"
checksum = "d26c52dbd32dccf2d10cac7725f8eae5296885fb5703b261f7d0a0739ec807ab"

[[package]]
name = "linux-raw-sys"
version = "0.9.3"
source = "registry+https://github.com/rust-lang/crates.io-index"
checksum = "fe7db12097d22ec582439daf8618b8fdd1a7bef6270e9af3b1ebcd30893cf413"

[[package]]
name = "log"
version = "0.4.27"
source = "registry+https://github.com/rust-lang/crates.io-index"
checksum = "13dc2df351e3202783a1fe0d44375f7295ffb4049267b0f3018346dc122a1d94"

[[package]]
name = "memchr"
version = "2.7.4"
source = "registry+https://github.com/rust-lang/crates.io-index"
checksum = "78ca9ab1a0babb1e7d5695e3530886289c18cf2f87ec19a575a0abdce112e3a3"

[[package]]
name = "memoffset"
version = "0.9.1"
source = "registry+https://github.com/rust-lang/crates.io-index"
checksum = "488016bfae457b036d996092f6cb448677611ce4449e970ceaf42695203f218a"
dependencies = [
 "autocfg",
]

[[package]]
name = "muldiv"
version = "1.0.1"
source = "registry+https://github.com/rust-lang/crates.io-index"
checksum = "956787520e75e9bd233246045d19f42fb73242759cc57fba9611d940ae96d4b0"

[[package]]
name = "nix"
version = "0.29.0"
source = "registry+https://github.com/rust-lang/crates.io-index"
checksum = "71e2746dc3a24dd78b3cfcb7be93368c6de9963d30f43a6a73998a9cf4b17b46"
dependencies = [
 "bitflags 2.9.0",
 "cfg-if",
 "cfg_aliases",
 "libc",
]

[[package]]
name = "num-integer"
version = "0.1.46"
source = "registry+https://github.com/rust-lang/crates.io-index"
checksum = "7969661fd2958a5cb096e56c8e1ad0444ac2bbcd0061bd28660485a44879858f"
dependencies = [
 "num-traits",
]

[[package]]
name = "num-rational"
version = "0.4.2"
source = "registry+https://github.com/rust-lang/crates.io-index"
checksum = "f83d14da390562dca69fc84082e73e548e1ad308d24accdedd2720017cb37824"
dependencies = [
 "num-integer",
 "num-traits",
]

[[package]]
name = "num-traits"
version = "0.2.19"
source = "registry+https://github.com/rust-lang/crates.io-index"
checksum = "071dfc062690e90b734c0b2273ce72ad0ffa95f0c74596bc250dcfd960262841"
dependencies = [
 "autocfg",
]

[[package]]
name = "once_cell"
version = "1.21.1"
source = "registry+https://github.com/rust-lang/crates.io-index"
checksum = "d75b0bedcc4fe52caa0e03d9f1151a323e4aa5e2d78ba3580400cd3c9e2bc4bc"

[[package]]
name = "option-operations"
version = "0.5.0"
source = "registry+https://github.com/rust-lang/crates.io-index"
checksum = "7c26d27bb1aeab65138e4bf7666045169d1717febcc9ff870166be8348b223d0"
dependencies = [
 "paste",
]

[[package]]
name = "pango"
version = "0.20.9"
source = "registry+https://github.com/rust-lang/crates.io-index"
checksum = "6b1f5dc1b8cf9bc08bfc0843a04ee0fa2e78f1e1fa4b126844a383af4f25f0ec"
dependencies = [
 "gio",
 "glib",
 "libc",
 "pango-sys",
]

[[package]]
name = "pango-sys"
version = "0.20.9"
source = "registry+https://github.com/rust-lang/crates.io-index"
checksum = "0dbb9b751673bd8fe49eb78620547973a1e719ed431372122b20abd12445bab5"
dependencies = [
 "glib-sys",
 "gobject-sys",
 "libc",
 "system-deps",
]

[[package]]
name = "paste"
version = "1.0.15"
source = "registry+https://github.com/rust-lang/crates.io-index"
checksum = "57c0d7b74b563b49d38dae00a0c37d4d6de9b432382b2892f0574ddcae73fd0a"

[[package]]
name = "pin-project-lite"
version = "0.2.16"
source = "registry+https://github.com/rust-lang/crates.io-index"
checksum = "3b3cff922bd51709b605d9ead9aa71031d81447142d828eb4a6eba76fe619f9b"

[[package]]
name = "pin-utils"
version = "0.1.0"
source = "registry+https://github.com/rust-lang/crates.io-index"
checksum = "8b870d8c151b6f2fb93e84a13146138f05d02ed11c7e7c54f8826aaaf7c9f184"

[[package]]
name = "pkg-config"
version = "0.3.32"
source = "registry+https://github.com/rust-lang/crates.io-index"
checksum = "7edddbd0b52d732b21ad9a5fab5c704c14cd949e5e9a1ec5929a24fded1b904c"

[[package]]
name = "proc-macro-crate"
version = "3.3.0"
source = "registry+https://github.com/rust-lang/crates.io-index"
checksum = "edce586971a4dfaa28950c6f18ed55e0406c1ab88bbce2c6f6293a7aaba73d35"
dependencies = [
 "toml_edit",
]

[[package]]
name = "proc-macro2"
version = "1.0.94"
source = "registry+https://github.com/rust-lang/crates.io-index"
checksum = "a31971752e70b8b2686d7e46ec17fb38dad4051d94024c88df49b667caea9c84"
dependencies = [
 "unicode-ident",
]

[[package]]
name = "quick-xml"
version = "0.37.3"
source = "registry+https://github.com/rust-lang/crates.io-index"
checksum = "bf763ab1c7a3aa408be466efc86efe35ed1bd3dd74173ed39d6b0d0a6f0ba148"
dependencies = [
 "memchr",
]

[[package]]
name = "quote"
version = "1.0.40"
source = "registry+https://github.com/rust-lang/crates.io-index"
checksum = "1885c039570dc00dcb4ff087a89e185fd56bae234ddc7f056a945bf36467248d"
dependencies = [
 "proc-macro2",
]

[[package]]
name = "r-efi"
version = "5.2.0"
source = "registry+https://github.com/rust-lang/crates.io-index"
checksum = "74765f6d916ee2faa39bc8e68e4f3ed8949b48cccdac59983d287a7cb71ce9c5"

[[package]]
name = "rdw-keycodemap"
version = "0.1.0"

[[package]]
name = "rdw4"
version = "0.1.0"
dependencies = [
 "cargo_metadata",
 "cbindgen",
 "derivative",
 "env_logger",
 "epoxy",
 "futures-channel",
 "futures-util",
 "gdk4-wayland",
 "gdk4-win32",
 "gdk4-x11",
 "gl",
 "gstreamer",
 "gstreamer-app",
 "gstreamer-audio",
 "gtk4",
 "khronos-egl",
 "libc",
 "libloading",
 "log",
 "rdw-keycodemap",
 "system-deps",
 "usbredirhost",
 "wayland-protocols",
 "windows 0.56.0",
 "x11",
]

[[package]]
name = "rdw4-rdp"
version = "0.2.0"
dependencies = [
 "cargo_metadata",
 "cbindgen",
 "derivative",
 "futures-channel",
 "futures-executor",
 "futures-util",
 "log",
 "nix",
 "rdw4",
 "system-deps",
 "windows 0.61.1",
]

[[package]]
name = "rdw4-spice"
version = "0.1.0"
dependencies = [
 "cargo_metadata",
 "cbindgen",
 "derivative",
 "futures-channel",
 "futures-util",
 "log",
 "rdw4",
 "spice-client-glib",
 "system-deps",
]

[[package]]
name = "rdw4-vnc"
version = "0.1.0"
dependencies = [
 "cargo_metadata",
 "cbindgen",
 "derivative",
 "gvnc",
 "log",
 "rdw4",
 "system-deps",
]

[[package]]
name = "rusb"
version = "0.9.4"
source = "registry+https://github.com/rust-lang/crates.io-index"
checksum = "ab9f9ff05b63a786553a4c02943b74b34a988448671001e9a27e2f0565cc05a4"
dependencies = [
 "libc",
 "libusb1-sys",
]

[[package]]
name = "rustc_version"
version = "0.4.1"
source = "registry+https://github.com/rust-lang/crates.io-index"
checksum = "cfcb3a22ef46e85b45de6ee7e79d063319ebb6594faafcf1c225ea92ab6e9b92"
dependencies = [
 "semver",
]

[[package]]
name = "rustix"
version = "0.38.44"
source = "registry+https://github.com/rust-lang/crates.io-index"
checksum = "fdb5bc1ae2baa591800df16c9ca78619bf65c0488b41b96ccec5d11220d8c154"
dependencies = [
 "bitflags 2.9.0",
 "errno",
 "libc",
 "linux-raw-sys 0.4.15",
 "windows-sys",
]

[[package]]
name = "rustix"
version = "1.0.3"
source = "registry+https://github.com/rust-lang/crates.io-index"
checksum = "e56a18552996ac8d29ecc3b190b4fdbb2d91ca4ec396de7bbffaf43f3d637e96"
dependencies = [
 "bitflags 2.9.0",
 "errno",
 "libc",
 "linux-raw-sys 0.9.3",
 "windows-sys",
]

[[package]]
name = "ryu"
version = "1.0.20"
source = "registry+https://github.com/rust-lang/crates.io-index"
checksum = "28d3b2b1366ec20994f1fd18c3c594f05c5dd4bc44d8bb0c1c632c8d6829481f"

[[package]]
name = "scoped-tls"
version = "1.0.1"
source = "registry+https://github.com/rust-lang/crates.io-index"
checksum = "e1cf6437eb19a8f4a6cc0f7dca544973b0b78843adbfeb3683d1a94a0024a294"

[[package]]
name = "semver"
version = "1.0.26"
source = "registry+https://github.com/rust-lang/crates.io-index"
checksum = "56e6fa9c48d24d85fb3de5ad847117517440f6beceb7798af16b4a87d616b8d0"
dependencies = [
 "serde",
]

[[package]]
name = "serde"
version = "1.0.219"
source = "registry+https://github.com/rust-lang/crates.io-index"
checksum = "5f0e2c6ed6606019b4e29e69dbaba95b11854410e5347d525002456dbbb786b6"
dependencies = [
 "serde_derive",
]

[[package]]
name = "serde_derive"
version = "1.0.219"
source = "registry+https://github.com/rust-lang/crates.io-index"
checksum = "5b0276cf7f2c73365f7157c8123c21cd9a50fbbd844757af28ca1f5925fc2a00"
dependencies = [
 "proc-macro2",
 "quote",
 "syn 2.0.100",
]

[[package]]
name = "serde_json"
version = "1.0.140"
source = "registry+https://github.com/rust-lang/crates.io-index"
checksum = "20068b6e96dc6c9bd23e01df8827e6c7e1f2fddd43c21810382803c136b99373"
dependencies = [
 "itoa",
 "memchr",
 "ryu",
 "serde",
]

[[package]]
name = "serde_spanned"
version = "0.6.8"
source = "registry+https://github.com/rust-lang/crates.io-index"
checksum = "87607cb1398ed59d48732e575a4c28a7a8ebf2454b964fe3f224f2afc07909e1"
dependencies = [
 "serde",
]

[[package]]
name = "shared_library"
version = "0.1.9"
source = "registry+https://github.com/rust-lang/crates.io-index"
checksum = "5a9e7e0f2bfae24d8a5b5a66c5b257a83c7412304311512a0c054cd5e619da11"
dependencies = [
 "lazy_static",
 "libc",
]

[[package]]
name = "shlex"
version = "1.3.0"
source = "registry+https://github.com/rust-lang/crates.io-index"
checksum = "0fda2ff0d084019ba4d7c6f371c95d8fd75ce3524c3cb8fb653a3023f6323e64"

[[package]]
name = "slab"
version = "0.4.9"
source = "registry+https://github.com/rust-lang/crates.io-index"
checksum = "8f92a496fb766b417c996b9c5e57daf2f7ad3b0bebe1ccfca4856390e3d3bb67"
dependencies = [
 "autocfg",
]

[[package]]
name = "smallvec"
version = "1.14.0"
source = "registry+https://github.com/rust-lang/crates.io-index"
checksum = "7fcf8323ef1faaee30a44a340193b1ac6814fd9b7b4e88e9d4519a3e4abe1cfd"

[[package]]
name = "spice-client-glib"
version = "0.5.0"
source = "registry+https://github.com/rust-lang/crates.io-index"
checksum = "dc2f09ee28f3e9652e9af7c8fec148de1fb79ad95b5416a7f9b9f1d66814521b"
dependencies = [
 "gio",
 "glib",
 "libc",
 "rusb",
 "spice-client-glib-sys",
]

[[package]]
name = "spice-client-glib-sys"
version = "0.5.0"
source = "registry+https://github.com/rust-lang/crates.io-index"
checksum = "b5f57913fb53b25bc207db27cb0e064467269c09b6f9344dbe53aef990008484"
dependencies = [
 "gio-sys",
 "glib-sys",
 "gobject-sys",
 "libc",
 "system-deps",
]

[[package]]
name = "strsim"
version = "0.8.0"
source = "registry+https://github.com/rust-lang/crates.io-index"
checksum = "8ea5119cdb4c55b55d432abb513a0429384878c15dde60cc77b1c99de1a95a6a"

[[package]]
name = "syn"
version = "1.0.109"
source = "registry+https://github.com/rust-lang/crates.io-index"
checksum = "72b64191b275b66ffe2469e8af2c1cfe3bafa67b529ead792a6d0160888b4237"
dependencies = [
 "proc-macro2",
 "quote",
 "unicode-ident",
]

[[package]]
name = "syn"
version = "2.0.100"
source = "registry+https://github.com/rust-lang/crates.io-index"
checksum = "b09a44accad81e1ba1cd74a32461ba89dee89095ba17b32f5d03683b1b1fc2a0"
dependencies = [
 "proc-macro2",
 "quote",
 "unicode-ident",
]

[[package]]
name = "system-deps"
version = "7.0.3"
source = "registry+https://github.com/rust-lang/crates.io-index"
checksum = "66d23aaf9f331227789a99e8de4c91bf46703add012bdfd45fdecdfb2975a005"
dependencies = [
 "cfg-expr",
 "heck 0.5.0",
 "pkg-config",
 "toml 0.8.20",
 "version-compare",
]

[[package]]
name = "target-lexicon"
version = "0.12.16"
source = "registry+https://github.com/rust-lang/crates.io-index"
checksum = "61c41af27dd6d1e27b1b16b489db798443478cef1f06a660c96db617ba5de3b1"

[[package]]
name = "tempfile"
version = "3.19.1"
source = "registry+https://github.com/rust-lang/crates.io-index"
checksum = "7437ac7763b9b123ccf33c338a5cc1bac6f69b45a136c19bdd8a65e3916435bf"
dependencies = [
 "fastrand",
 "getrandom",
 "once_cell",
 "rustix 1.0.3",
 "windows-sys",
]

[[package]]
name = "textwrap"
version = "0.11.0"
source = "registry+https://github.com/rust-lang/crates.io-index"
checksum = "d326610f408c7a4eb6f51c37c330e496b08506c9457c9d34287ecc38809fb060"
dependencies = [
 "unicode-width",
]

[[package]]
name = "thiserror"
version = "2.0.12"
source = "registry+https://github.com/rust-lang/crates.io-index"
checksum = "567b8a2dae586314f7be2a752ec7474332959c6460e02bde30d702a66d488708"
dependencies = [
 "thiserror-impl",
]

[[package]]
name = "thiserror-impl"
version = "2.0.12"
source = "registry+https://github.com/rust-lang/crates.io-index"
checksum = "7f7cf42b4507d8ea322120659672cf1b9dbb93f8f2d4ecfd6e51350ff5b17a1d"
dependencies = [
 "proc-macro2",
 "quote",
 "syn 2.0.100",
]

[[package]]
name = "toml"
version = "0.5.11"
source = "registry+https://github.com/rust-lang/crates.io-index"
checksum = "f4f7f0dd8d50a853a531c426359045b1998f04219d88799810762cd4ad314234"
dependencies = [
 "serde",
]

[[package]]
name = "toml"
version = "0.8.20"
source = "registry+https://github.com/rust-lang/crates.io-index"
checksum = "cd87a5cdd6ffab733b2f74bc4fd7ee5fff6634124999ac278c35fc78c6120148"
dependencies = [
 "serde",
 "serde_spanned",
 "toml_datetime",
 "toml_edit",
]

[[package]]
name = "toml_datetime"
version = "0.6.8"
source = "registry+https://github.com/rust-lang/crates.io-index"
checksum = "0dd7358ecb8fc2f8d014bf86f6f638ce72ba252a2c3a2572f2a795f1d23efb41"
dependencies = [
 "serde",
]

[[package]]
name = "toml_edit"
version = "0.22.24"
source = "registry+https://github.com/rust-lang/crates.io-index"
checksum = "17b4795ff5edd201c7cd6dca065ae59972ce77d1b80fa0a84d94950ece7d1474"
dependencies = [
 "indexmap 2.8.0",
 "serde",
 "serde_spanned",
 "toml_datetime",
 "winnow",
]

[[package]]
name = "unicode-ident"
version = "1.0.18"
source = "registry+https://github.com/rust-lang/crates.io-index"
checksum = "5a5f39404a5da50712a4c1eecf25e90dd62b613502b7e925fd4e4d19b5c96512"

[[package]]
name = "unicode-segmentation"
version = "1.12.0"
source = "registry+https://github.com/rust-lang/crates.io-index"
checksum = "f6ccf251212114b54433ec949fd6a7841275f9ada20dddd2f29e9ceea4501493"

[[package]]
name = "unicode-width"
version = "0.1.14"
source = "registry+https://github.com/rust-lang/crates.io-index"
checksum = "7dd6e30e90baa6f72411720665d41d89b9a3d039dc45b8faea1ddd07f617f6af"

[[package]]
name = "usbredirhost"
version = "0.4.1"
source = "registry+https://github.com/rust-lang/crates.io-index"
checksum = "4b2a271622116011c25edfb4d657a504f83b2760d982b027eae20104f0eab993"
dependencies = [
 "libc",
 "rusb",
 "usbredirhost-sys",
 "usbredirparser",
]

[[package]]
name = "usbredirhost-sys"
version = "0.4.0"
source = "registry+https://github.com/rust-lang/crates.io-index"
checksum = "d72ee2ae489b7e64fa54d0feaa422423ab9152b366f4c469b13dd3d61a564b6f"
dependencies = [
 "libusb1-sys",
 "system-deps",
 "usbredirparser-sys",
]

[[package]]
name = "usbredirparser"
version = "0.4.1"
source = "registry+https://github.com/rust-lang/crates.io-index"
checksum = "e2aa71a0a0678a421d34b5127a3b3a042d6303a37f25b3844569779115df74f8"
dependencies = [
 "libc",
 "usbredirparser-sys",
]

[[package]]
name = "usbredirparser-sys"
version = "0.4.0"
source = "registry+https://github.com/rust-lang/crates.io-index"
checksum = "97e3d90edb6a3053b6b346ed9fbff13a03f7c1bfc9f872b8d48167d87a3632c0"
dependencies = [
 "system-deps",
]

[[package]]
name = "vcpkg"
version = "0.2.15"
source = "registry+https://github.com/rust-lang/crates.io-index"
checksum = "accd4ea62f7bb7a82fe23066fb0957d48ef677f6eeb8215f372f52e48bb32426"

[[package]]
name = "vec_map"
version = "0.8.2"
source = "registry+https://github.com/rust-lang/crates.io-index"
checksum = "f1bddf1187be692e79c5ffeab891132dfb0f236ed36a43c7ed39f1165ee20191"

[[package]]
name = "version-compare"
version = "0.2.0"
source = "registry+https://github.com/rust-lang/crates.io-index"
checksum = "852e951cb7832cb45cb1169900d19760cfa39b82bc0ea9c0e5a14ae88411c98b"

[[package]]
name = "wasi"
version = "0.14.2+wasi-0.2.4"
source = "registry+https://github.com/rust-lang/crates.io-index"
checksum = "9683f9a5a998d873c0d21fcbe3c083009670149a8fab228644b8bd36b2c48cb3"
dependencies = [
 "wit-bindgen-rt",
]

[[package]]
name = "wayland-backend"
version = "0.3.8"
source = "registry+https://github.com/rust-lang/crates.io-index"
checksum = "b7208998eaa3870dad37ec8836979581506e0c5c64c20c9e79e9d2a10d6f47bf"
dependencies = [
 "cc",
 "downcast-rs",
 "rustix 0.38.44",
 "scoped-tls",
 "smallvec",
 "wayland-sys",
]

[[package]]
name = "wayland-client"
version = "0.31.8"
source = "registry+https://github.com/rust-lang/crates.io-index"
checksum = "c2120de3d33638aaef5b9f4472bff75f07c56379cf76ea320bd3a3d65ecaf73f"
dependencies = [
 "bitflags 2.9.0",
 "rustix 0.38.44",
 "wayland-backend",
 "wayland-scanner",
]

[[package]]
name = "wayland-protocols"
version = "0.32.6"
source = "registry+https://github.com/rust-lang/crates.io-index"
checksum = "0781cf46869b37e36928f7b432273c0995aa8aed9552c556fb18754420541efc"
dependencies = [
 "bitflags 2.9.0",
 "wayland-backend",
 "wayland-client",
 "wayland-scanner",
]

[[package]]
name = "wayland-scanner"
version = "0.31.6"
source = "registry+https://github.com/rust-lang/crates.io-index"
checksum = "896fdafd5d28145fce7958917d69f2fd44469b1d4e861cb5961bcbeebc6d1484"
dependencies = [
 "proc-macro2",
 "quick-xml",
 "quote",
]

[[package]]
name = "wayland-sys"
version = "0.31.6"
source = "registry+https://github.com/rust-lang/crates.io-index"
checksum = "dbcebb399c77d5aa9fa5db874806ee7b4eba4e73650948e8f93963f128896615"
dependencies = [
 "dlib",
 "log",
 "pkg-config",
]

[[package]]
name = "winapi"
version = "0.3.9"
source = "registry+https://github.com/rust-lang/crates.io-index"
checksum = "5c839a674fcd7a98952e593242ea400abe93992746761e38641405d28b00f419"
dependencies = [
 "winapi-i686-pc-windows-gnu",
 "winapi-x86_64-pc-windows-gnu",
]

[[package]]
name = "winapi-i686-pc-windows-gnu"
version = "0.4.0"
source = "registry+https://github.com/rust-lang/crates.io-index"
checksum = "ac3b87c63620426dd9b991e5ce0329eff545bccbbb34f3be09ff6fb6ab51b7b6"

[[package]]
name = "winapi-x86_64-pc-windows-gnu"
version = "0.4.0"
source = "registry+https://github.com/rust-lang/crates.io-index"
checksum = "712e227841d057c1ee1cd2fb22fa7e5a5461ae8e48fa2ca79ec42cfc1931183f"

[[package]]
name = "windows"
version = "0.56.0"
source = "registry+https://github.com/rust-lang/crates.io-index"
checksum = "1de69df01bdf1ead2f4ac895dc77c9351aefff65b2f3db429a343f9cbf05e132"
dependencies = [
 "windows-core 0.56.0",
 "windows-targets",
]

[[package]]
name = "windows"
version = "0.61.1"
source = "registry+https://github.com/rust-lang/crates.io-index"
checksum = "c5ee8f3d025738cb02bad7868bbb5f8a6327501e870bf51f1b455b0a2454a419"
dependencies = [
 "windows-collections",
 "windows-core 0.61.0",
 "windows-future",
 "windows-link",
 "windows-numerics",
]

[[package]]
name = "windows-collections"
version = "0.2.0"
source = "registry+https://github.com/rust-lang/crates.io-index"
checksum = "3beeceb5e5cfd9eb1d76b381630e82c4241ccd0d27f1a39ed41b2760b255c5e8"
dependencies = [
 "windows-core 0.61.0",
]

[[package]]
name = "windows-core"
version = "0.56.0"
source = "registry+https://github.com/rust-lang/crates.io-index"
checksum = "4698e52ed2d08f8658ab0c39512a7c00ee5fe2688c65f8c0a4f06750d729f2a6"
dependencies = [
 "windows-implement 0.56.0",
 "windows-interface 0.56.0",
 "windows-result 0.1.2",
 "windows-targets",
]

[[package]]
name = "windows-core"
version = "0.61.0"
source = "registry+https://github.com/rust-lang/crates.io-index"
checksum = "4763c1de310c86d75a878046489e2e5ba02c649d185f21c67d4cf8a56d098980"
dependencies = [
 "windows-implement 0.60.0",
 "windows-interface 0.59.1",
 "windows-link",
 "windows-result 0.3.2",
 "windows-strings",
]

[[package]]
name = "windows-future"
version = "0.2.0"
source = "registry+https://github.com/rust-lang/crates.io-index"
checksum = "7a1d6bbefcb7b60acd19828e1bc965da6fcf18a7e39490c5f8be71e54a19ba32"
dependencies = [
 "windows-core 0.61.0",
 "windows-link",
]

[[package]]
name = "windows-implement"
version = "0.56.0"
source = "registry+https://github.com/rust-lang/crates.io-index"
checksum = "f6fc35f58ecd95a9b71c4f2329b911016e6bec66b3f2e6a4aad86bd2e99e2f9b"
dependencies = [
 "proc-macro2",
 "quote",
 "syn 2.0.100",
]

[[package]]
name = "windows-implement"
version = "0.60.0"
source = "registry+https://github.com/rust-lang/crates.io-index"
checksum = "a47fddd13af08290e67f4acabf4b459f647552718f683a7b415d290ac744a836"
dependencies = [
 "proc-macro2",
 "quote",
 "syn 2.0.100",
]

[[package]]
name = "windows-interface"
version = "0.56.0"
source = "registry+https://github.com/rust-lang/crates.io-index"
checksum = "08990546bf4edef8f431fa6326e032865f27138718c587dc21bc0265bbcb57cc"
dependencies = [
 "proc-macro2",
 "quote",
 "syn 2.0.100",
]

[[package]]
name = "windows-interface"
version = "0.59.1"
source = "registry+https://github.com/rust-lang/crates.io-index"
checksum = "bd9211b69f8dcdfa817bfd14bf1c97c9188afa36f4750130fcdf3f400eca9fa8"
dependencies = [
 "proc-macro2",
 "quote",
 "syn 2.0.100",
]

[[package]]
name = "windows-link"
version = "0.1.1"
source = "registry+https://github.com/rust-lang/crates.io-index"
checksum = "76840935b766e1b0a05c0066835fb9ec80071d4c09a16f6bd5f7e655e3c14c38"

[[package]]
name = "windows-numerics"
version = "0.2.0"
source = "registry+https://github.com/rust-lang/crates.io-index"
checksum = "9150af68066c4c5c07ddc0ce30421554771e528bde427614c61038bc2c92c2b1"
dependencies = [
 "windows-core 0.61.0",
 "windows-link",
]

[[package]]
name = "windows-result"
version = "0.1.2"
source = "registry+https://github.com/rust-lang/crates.io-index"
checksum = "5e383302e8ec8515204254685643de10811af0ed97ea37210dc26fb0032647f8"
dependencies = [
 "windows-targets",
]

[[package]]
name = "windows-result"
version = "0.3.2"
source = "registry+https://github.com/rust-lang/crates.io-index"
checksum = "c64fd11a4fd95df68efcfee5f44a294fe71b8bc6a91993e2791938abcc712252"
dependencies = [
 "windows-link",
]

[[package]]
name = "windows-strings"
version = "0.4.0"
source = "registry+https://github.com/rust-lang/crates.io-index"
checksum = "7a2ba9642430ee452d5a7aa78d72907ebe8cfda358e8cb7918a2050581322f97"
dependencies = [
 "windows-link",
]

[[package]]
name = "windows-sys"
version = "0.59.0"
source = "registry+https://github.com/rust-lang/crates.io-index"
checksum = "1e38bc4d79ed67fd075bcc251a1c39b32a1776bbe92e5bef1f0bf1f8c531853b"
dependencies = [
 "windows-targets",
]

[[package]]
name = "windows-targets"
version = "0.52.6"
source = "registry+https://github.com/rust-lang/crates.io-index"
checksum = "9b724f72796e036ab90c1021d4780d4d3d648aca59e491e6b98e725b84e99973"
dependencies = [
 "windows_aarch64_gnullvm",
 "windows_aarch64_msvc",
 "windows_i686_gnu",
 "windows_i686_gnullvm",
 "windows_i686_msvc",
 "windows_x86_64_gnu",
 "windows_x86_64_gnullvm",
 "windows_x86_64_msvc",
]

[[package]]
name = "windows_aarch64_gnullvm"
version = "0.52.6"
source = "registry+https://github.com/rust-lang/crates.io-index"
checksum = "32a4622180e7a0ec044bb555404c800bc9fd9ec262ec147edd5989ccd0c02cd3"

[[package]]
name = "windows_aarch64_msvc"
version = "0.52.6"
source = "registry+https://github.com/rust-lang/crates.io-index"
checksum = "09ec2a7bb152e2252b53fa7803150007879548bc709c039df7627cabbd05d469"

[[package]]
name = "windows_i686_gnu"
version = "0.52.6"
source = "registry+https://github.com/rust-lang/crates.io-index"
checksum = "8e9b5ad5ab802e97eb8e295ac6720e509ee4c243f69d781394014ebfe8bbfa0b"

[[package]]
name = "windows_i686_gnullvm"
version = "0.52.6"
source = "registry+https://github.com/rust-lang/crates.io-index"
checksum = "0eee52d38c090b3caa76c563b86c3a4bd71ef1a819287c19d586d7334ae8ed66"

[[package]]
name = "windows_i686_msvc"
version = "0.52.6"
source = "registry+https://github.com/rust-lang/crates.io-index"
checksum = "240948bc05c5e7c6dabba28bf89d89ffce3e303022809e73deaefe4f6ec56c66"

[[package]]
name = "windows_x86_64_gnu"
version = "0.52.6"
source = "registry+https://github.com/rust-lang/crates.io-index"
checksum = "147a5c80aabfbf0c7d901cb5895d1de30ef2907eb21fbbab29ca94c5b08b1a78"

[[package]]
name = "windows_x86_64_gnullvm"
version = "0.52.6"
source = "registry+https://github.com/rust-lang/crates.io-index"
checksum = "24d5b23dc417412679681396f2b49f3de8c1473deb516bd34410872eff51ed0d"

[[package]]
name = "windows_x86_64_msvc"
version = "0.52.6"
source = "registry+https://github.com/rust-lang/crates.io-index"
checksum = "589f6da84c646204747d1270a2a5661ea66ed1cced2631d546fdfb155959f9ec"

[[package]]
name = "winnow"
version = "0.7.4"
source = "registry+https://github.com/rust-lang/crates.io-index"
checksum = "0e97b544156e9bebe1a0ffbc03484fc1ffe3100cbce3ffb17eac35f7cdd7ab36"
dependencies = [
 "memchr",
]

[[package]]
name = "wit-bindgen-rt"
version = "0.39.0"
source = "registry+https://github.com/rust-lang/crates.io-index"
checksum = "6f42320e61fe2cfd34354ecb597f86f413484a798ba44a8ca1165c58d42da6c1"
dependencies = [
 "bitflags 2.9.0",
]

[[package]]
name = "x11"
version = "2.21.0"
source = "registry+https://github.com/rust-lang/crates.io-index"
checksum = "502da5464ccd04011667b11c435cb992822c2c0dbde1770c988480d312a0db2e"
dependencies = [
 "libc",
 "pkg-config",
]

[[package]]
name = "xml-rs"
version = "0.7.0"
source = "registry+https://github.com/rust-lang/crates.io-index"
checksum = "3c1cb601d29fe2c2ac60a2b2e5e293994d87a1f6fa9687a31a15270f909be9c2"
dependencies = [
 "bitflags 1.3.2",
]

[[package]]
name = "xml-rs"
version = "0.8.25"
source = "registry+https://github.com/rust-lang/crates.io-index"
checksum = "c5b940ebc25896e71dd073bad2dbaa2abfe97b0a391415e22ad1326d9c54e3c4"

[[package]]
name = "xshell"
version = "0.2.7"
source = "registry+https://github.com/rust-lang/crates.io-index"
checksum = "9e7290c623014758632efe00737145b6867b66292c42167f2ec381eb566a373d"
dependencies = [
 "xshell-macros",
]

[[package]]
name = "xshell-macros"
version = "0.2.7"
source = "registry+https://github.com/rust-lang/crates.io-index"
checksum = "32ac00cd3f8ec9c1d33fb3e7958a82df6989c42d747bd326c822b1d625283547"

[[package]]
name = "xtask"
version = "0.1.0"
dependencies = [
 "xshell",
]
